#MicroXplorer Configuration settings - do not modify
File.Version=6
KeepUserPlacement=false
Mcu.Family=STM32F4
Mcu.IP0=NVIC
Mcu.IP1=RCC
Mcu.IP2=SDIO
Mcu.IP3=SPI1
Mcu.IP4=SPI2
Mcu.IP5=SPI3
Mcu.IP6=SPI4
Mcu.IP7=SPI5
Mcu.IP8=SYS
Mcu.IPNb=9
Mcu.Name=STM32F411R(C-E)Tx
Mcu.Package=LQFP64
Mcu.Pin0=PC13-ANTI_TAMP
Mcu.Pin1=PH0 - OSC_IN
Mcu.Pin10=PA6
Mcu.Pin11=PA7
Mcu.Pin12=PC4
Mcu.Pin13=PC5
Mcu.Pin14=PB0
Mcu.Pin15=PB1
Mcu.Pin16=PB2
Mcu.Pin17=PB10
Mcu.Pin18=PB12
Mcu.Pin19=PB13
Mcu.Pin2=PH1 - OSC_OUT
Mcu.Pin20=PB14
Mcu.Pin21=PB15
Mcu.Pin22=PC6
Mcu.Pin23=PC7
Mcu.Pin24=PC8
Mcu.Pin25=PA8
Mcu.Pin26=PA10
Mcu.Pin27=PA11
Mcu.Pin28=PA12
Mcu.Pin29=PA13
Mcu.Pin3=PC0
Mcu.Pin30=PA14
Mcu.Pin31=PA15
Mcu.Pin32=PC11
Mcu.Pin33=PC12
Mcu.Pin34=PD2
Mcu.Pin35=PB4
Mcu.Pin36=VP_SYS_VS_Systick
Mcu.Pin4=PC1
Mcu.Pin5=PC2
Mcu.Pin6=PC3
Mcu.Pin7=PA1
Mcu.Pin8=PA2
Mcu.Pin9=PA5
Mcu.PinsNb=37
Mcu.UserConstants=
Mcu.UserName=STM32F411RETx
MxCube.Version=4.19.0
MxDb.Version=DB.4.0.190
NVIC.BusFault_IRQn=true\:0\:0\:false\:false\:true
NVIC.DebugMonitor_IRQn=true\:0\:0\:false\:false\:true
NVIC.HardFault_IRQn=true\:0\:0\:false\:false\:true
NVIC.MemoryManagement_IRQn=true\:0\:0\:false\:false\:true
NVIC.NonMaskableInt_IRQn=true\:0\:0\:false\:false\:true
NVIC.PendSV_IRQn=true\:0\:0\:false\:false\:true
NVIC.PriorityGroup=NVIC_PRIORITYGROUP_4
NVIC.SVCall_IRQn=true\:0\:0\:false\:false\:true
NVIC.SysTick_IRQn=true\:0\:0\:false\:false\:true
NVIC.UsageFault_IRQn=true\:0\:0\:false\:false\:true
PA1.Mode=Full_Duplex_Master
PA1.Signal=SPI4_MOSI
PA10.Mode=Full_Duplex_Master
PA10.Signal=SPI5_MOSI
PA11.Mode=Full_Duplex_Master
PA11.Signal=SPI4_MISO
PA12.Mode=Full_Duplex_Master
PA12.Signal=SPI5_MISO
PA13.GPIOParameters=GPIO_Label
PA13.GPIO_Label=SPI4_CS
PA13.Locked=true
PA13.Signal=GPIO_Output
PA14.GPIOParameters=GPIO_Label
PA14.GPIO_Label=SPI3_CS
PA14.Locked=true
PA14.Signal=GPIO_Output
PA15.GPIOParameters=GPIO_Label
PA15.GPIO_Label=SPI2_CS
PA15.Locked=true
PA15.Signal=GPIO_Output
PA2.GPIOParameters=GPIO_Label
PA2.GPIO_Label=Push_Button
PA2.Locked=true
PA2.Signal=GPIO_Input
PA5.Mode=Full_Duplex_Master
PA5.Signal=SPI1_SCK
PA6.Mode=SD_1_bit
PA6.Signal=SDIO_CMD
PA7.Mode=Full_Duplex_Master
PA7.Signal=SPI1_MOSI
PA8.GPIOParameters=GPIO_Label
PA8.GPIO_Label=ICM_INT1
PA8.Locked=true
PA8.Signal=GPIO_Output
PB0.Mode=Full_Duplex_Master
PB0.Signal=SPI5_SCK
PB1.GPIOParameters=GPIO_Label
PB1.GPIO_Label=LISS_INT1
PB1.Locked=true
PB1.Signal=GPIO_Output
PB10.Mode=Full_Duplex_Master
PB10.Signal=SPI2_SCK
PB12.Mode=Full_Duplex_Master
PB12.Signal=SPI3_SCK
PB13.Mode=Full_Duplex_Master
PB13.Signal=SPI4_SCK
PB14.GPIOParameters=GPIO_Label
PB14.GPIO_Label=SPI5_CS
PB14.Locked=true
PB14.Signal=GPIO_Output
PB15.Mode=SD_1_bit
PB15.Signal=SDIO_CK
PB2.GPIOParameters=GPIO_Label
PB2.GPIO_Label=LISS_INT2
PB2.Locked=true
PB2.Signal=GPIO_Output
PB4.Mode=Full_Duplex_Master
PB4.Signal=SPI1_MISO
PC0.GPIOParameters=GPIO_Label
PC0.GPIO_Label=Green_Led
PC0.Locked=true
PC0.Signal=GPIO_Output
PC1.GPIOParameters=GPIO_Label
PC1.GPIO_Label=Blue_Led
PC1.Locked=true
PC1.Signal=GPIO_Output
PC11.Mode=Full_Duplex_Master
PC11.Signal=SPI3_MISO
PC12.Mode=Full_Duplex_Master
PC12.Signal=SPI3_MOSI
PC13-ANTI_TAMP.GPIOParameters=GPIO_Label
PC13-ANTI_TAMP.GPIO_Label=User_Button
PC13-ANTI_TAMP.Locked=true
PC13-ANTI_TAMP.Signal=GPIO_Output
PC2.Mode=Full_Duplex_Master
PC2.Signal=SPI2_MISO
PC3.Mode=Full_Duplex_Master
PC3.Signal=SPI2_MOSI
PC4.GPIOParameters=GPIO_Label
PC4.GPIO_Label=BMI_INT1
PC4.Locked=true
PC4.Signal=GPIO_Output
PC5.GPIOParameters=GPIO_Label
PC5.GPIO_Label=BMI_INT2
PC5.Locked=true
PC5.Signal=GPIO_Output
PC6.GPIOParameters=GPIO_Label
PC6.GPIO_Label=LSM_INT1
PC6.Locked=true
PC6.Signal=GPIO_Output
PC7.GPIOParameters=GPIO_Label
PC7.GPIO_Label=ICM_FSYNC
PC7.Locked=true
PC7.Signal=GPIO_Output
PC8.Mode=SD_1_bit
PC8.Signal=SDIO_D0
PCC.Checker=false
PCC.Line=STM32F411
PCC.MCU=STM32F411R(C-E)Tx
PCC.MXVersion=4.19.0
PCC.PartNumber=STM32F411RETx
PCC.Seq0=0
PCC.Series=STM32F4
PCC.Temperature=25
PCC.Vdd=null
PD2.GPIOParameters=GPIO_Label
PD2.GPIO_Label=SPI1_CS
PD2.Locked=true
PD2.Signal=GPIO_Output
PH0\ -\ OSC_IN.Mode=HSE-External-Oscillator
PH0\ -\ OSC_IN.Signal=RCC_OSC_IN
PH1\ -\ OSC_OUT.Mode=HSE-External-Oscillator
PH1\ -\ OSC_OUT.Signal=RCC_OSC_OUT
ProjectManager.AskForMigrate=true
ProjectManager.BackupPrevious=false
ProjectManager.CompilerOptimize=2
ProjectManager.ComputerToolchain=false
ProjectManager.CoupleFile=false
ProjectManager.CustomerFirmwarePackage=C\:/Users/11401165/STM32Cube/Repository/STM32Cube_FW_F4_V1.14.0
ProjectManager.DefaultFWLocation=true
ProjectManager.DeletePrevious=true
ProjectManager.DeviceId=STM32F411RETx
ProjectManager.FirmwarePackage=STM32Cube FW_F4 V1.14.0
ProjectManager.FreePins=false
ProjectManager.HalAssertFull=false
ProjectManager.HeapSize=0x200
ProjectManager.KeepUserCode=true
ProjectManager.LastFirmware=true
ProjectManager.LibraryCopy=0
ProjectManager.PreviousToolchain=
ProjectManager.ProjectBuild=false
ProjectManager.ProjectFileName=connectie_schield_start_code2.ioc
ProjectManager.ProjectName=connectie_schield_start_code2
ProjectManager.StackSize=0x400
ProjectManager.TargetToolchain=EWARM
ProjectManager.ToolChainLocation=C\:\\Users\\11401165\\OneDrive\\Documenten\\StageVigil\\connectie_schield_start_code2
ProjectManager.UnderRoot=false
ProjectManager.functionlistsort=1-MX_GPIO_Init-GPIO-false-HAL,2-SystemClock_Config-RCC-false-HAL,3-MX_SDIO_SD_Init-SDIO-false-HAL,4-MX_SPI1_Init-SPI1-false-HAL,5-MX_SPI2_Init-SPI2-false-HAL,6-MX_SPI3_Init-SPI3-false-HAL,7-MX_SPI4_Init-SPI4-false-HAL,8-MX_SPI5_Init-SPI5-false-HAL
RCC.AHBFreq_Value=16000000
RCC.APB1Freq_Value=16000000
RCC.APB2Freq_Value=16000000
RCC.CortexFreq_Value=16000000
RCC.FamilyName=M
RCC.HSE_VALUE=25000000
RCC.HSI_VALUE=16000000
RCC.I2SClocksFreq_Value=96000000
RCC.IPParameters=AHBFreq_Value,APB1Freq_Value,APB2Freq_Value,CortexFreq_Value,FamilyName,HSE_VALUE,HSI_VALUE,I2SClocksFreq_Value,LSE_VALUE,LSI_VALUE,PLLCLKFreq_Value,PLLQCLKFreq_Value,RTCFreq_Value,RTCHSEDivFreq_Value,SYSCLKFreq_VALUE,VCOI2SOutputFreq_Value,VCOInputFreq_Value,VCOInputMFreq_Value,VCOOutputFreq_Value,VcooutputI2S
RCC.LSE_VALUE=32768
RCC.LSI_VALUE=32000
RCC.PLLCLKFreq_Value=96000000
RCC.PLLQCLKFreq_Value=48000000
RCC.RTCFreq_Value=32000
RCC.RTCHSEDivFreq_Value=12500000
RCC.SYSCLKFreq_VALUE=16000000
RCC.VCOI2SOutputFreq_Value=192000000
RCC.VCOInputFreq_Value=1000000
RCC.VCOInputMFreq_Value=1000000
RCC.VCOOutputFreq_Value=192000000
RCC.VcooutputI2S=96000000
SDIO.BusWide=SDIO_BUS_WIDE_1B
SDIO.IPParameters=BusWide
SPI1.CalculateBaudRate=8.0 MBits/s
SPI1.IPParameters=Mode,CalculateBaudRate
SPI1.Mode=SPI_MODE_MASTER
SPI2.CalculateBaudRate=8.0 MBits/s
SPI2.IPParameters=Mode,CalculateBaudRate
SPI2.Mode=SPI_MODE_MASTER
SPI3.CalculateBaudRate=8.0 MBits/s
SPI3.IPParameters=Mode,CalculateBaudRate
SPI3.Mode=SPI_MODE_MASTER
SPI4.CalculateBaudRate=8.0 MBits/s
SPI4.IPParameters=Mode,CalculateBaudRate
SPI4.Mode=SPI_MODE_MASTER
SPI5.CalculateBaudRate=8.0 MBits/s
SPI5.IPParameters=Mode,CalculateBaudRate
SPI5.Mode=SPI_MODE_MASTER
VP_SYS_VS_Systick.Mode=SysTick
VP_SYS_VS_Systick.Signal=SYS_VS_Systick
board=connectie_schield_start_code2
